
Microsoft Visual Studio Solution File, Format Version 12.00
# Visual Studio 2017
Project("{FAE04EC0-301F-11D3-BF4B-00C04F79EFBC}") = "Zadanie 2 - Memory", "Zadanie 2 - Memory.csproj", "{49F7E786-A1B6-6C9D-0C76-4F492D5FF36E}"
EndProject
Global
	GlobalSection(SolutionConfigurationPlatforms) = preSolution
		Debug|Any CPU = Debug|Any CPU
		Release|Any CPU = Release|Any CPU
	EndGlobalSection
	GlobalSection(ProjectConfigurationPlatforms) = postSolution
		{49F7E786-A1B6-6C9D-0C76-4F492D5FF36E}.Debug|Any CPU.ActiveCfg = Debug|Any CPU
		{49F7E786-A1B6-6C9D-0C76-4F492D5FF36E}.Debug|Any CPU.Build.0 = Debug|Any CPU
		{49F7E786-A1B6-6C9D-0C76-4F492D5FF36E}.Release|Any CPU.ActiveCfg = Release|Any CPU
		{49F7E786-A1B6-6C9D-0C76-4F492D5FF36E}.Release|Any CPU.Build.0 = Release|Any CPU
	EndGlobalSection
	GlobalSection(SolutionProperties) = preSolution
		HideSolutionNode = FALSE
	EndGlobalSection
EndGlobal
