
Microsoft Visual Studio Solution File, Format Version 12.00
# Visual Studio 2017
Project("{FAE04EC0-301F-11D3-BF4B-00C04F79EFBC}") = "Zadanie 3 - Platformówka 2D", "Zadanie 3 - Platformówka 2D.csproj", "{F4555619-E674-D474-6485-84EF371A54C2}"
EndProject
Global
	GlobalSection(SolutionConfigurationPlatforms) = preSolution
		Debug|Any CPU = Debug|Any CPU
		Release|Any CPU = Release|Any CPU
	EndGlobalSection
	GlobalSection(ProjectConfigurationPlatforms) = postSolution
		{F4555619-E674-D474-6485-84EF371A54C2}.Debug|Any CPU.ActiveCfg = Debug|Any CPU
		{F4555619-E674-D474-6485-84EF371A54C2}.Debug|Any CPU.Build.0 = Debug|Any CPU
		{F4555619-E674-D474-6485-84EF371A54C2}.Release|Any CPU.ActiveCfg = Release|Any CPU
		{F4555619-E674-D474-6485-84EF371A54C2}.Release|Any CPU.Build.0 = Release|Any CPU
	EndGlobalSection
	GlobalSection(SolutionProperties) = preSolution
		HideSolutionNode = FALSE
	EndGlobalSection
EndGlobal
